
# THIS IS AN AUTOGENERATED FILE. DO NOT EDIT THIS FILE DIRECTLY.
# yarn lockfile v1


"@angular-devkit/architect@0.1001.3":
  version "0.1001.3"
  resolved "https://registry.npmjs.org/@angular-devkit/architect/-/architect-0.1001.3.tgz"
  integrity sha512-WS5IAN6I73jKapiHKYz3U05Kka4eVRmwCk++GWM2uGChluiZsI87eK8vxMS3KWDIqTnAOuMpDt3XWxlASv1nlQ==
  dependencies:
    "@angular-devkit/core" "10.1.3"
    rxjs "6.6.2"

"@angular-devkit/architect@0.1001.7":
  version "0.1001.7"
  resolved "https://registry.npmjs.org/@angular-devkit/architect/-/architect-0.1001.7.tgz"
  integrity sha512-uFYIvMdewU44GbIyRfsUHNMLkx+C0kokpnj7eH5NbJfbyFpCfd3ijBHh+voPdPsDRWs9lLgjbxfHpswSPj4D8w==
  dependencies:
    "@angular-devkit/core" "10.1.7"
    rxjs "6.6.2"

"@angular-devkit/build-angular@~0.1001.0":
  version "0.1001.3"
  resolved "https://registry.npmjs.org/@angular-devkit/build-angular/-/build-angular-0.1001.3.tgz"
  integrity sha512-TQhNNfBeWLLOcXitmBTl2l95/9/2OcVVGyI5bxbpcCn8f9ioRVa2DvIxQLR92aoGkTrp7Vgd12xu07DSuuQwvg==
  dependencies:
    "@angular-devkit/architect" "0.1001.3"
    "@angular-devkit/build-optimizer" "0.1001.3"
    "@angular-devkit/build-webpack" "0.1001.3"
    "@angular-devkit/core" "10.1.3"
    "@babel/core" "7.11.1"
    "@babel/generator" "7.11.0"
    "@babel/plugin-transform-runtime" "7.11.0"
    "@babel/preset-env" "7.11.0"
    "@babel/runtime" "7.11.2"
    "@babel/template" "7.10.4"
    "@jsdevtools/coverage-istanbul-loader" "3.0.5"
    "@ngtools/webpack" "10.1.3"
    autoprefixer "9.8.6"
    babel-loader "8.1.0"
    browserslist "^4.9.1"
    cacache "15.0.5"
    caniuse-lite "^1.0.30001032"
    circular-dependency-plugin "5.2.0"
    copy-webpack-plugin "6.0.3"
    core-js "3.6.4"
    css-loader "4.2.2"
    cssnano "4.1.10"
    file-loader "6.0.0"
    find-cache-dir "3.3.1"
    glob "7.1.6"
    jest-worker "26.3.0"
    karma-source-map-support "1.4.0"
    less-loader "6.2.0"
    license-webpack-plugin "2.3.0"
    loader-utils "2.0.0"
    mini-css-extract-plugin "0.10.0"
    minimatch "3.0.4"
    open "7.2.0"
    parse5 "6.0.1"
    parse5-htmlparser2-tree-adapter "6.0.1"
    pnp-webpack-plugin "1.6.4"
    postcss "7.0.32"
    postcss-import "12.0.1"
    postcss-loader "3.0.0"
    raw-loader "4.0.1"
    regenerator-runtime "0.13.7"
    resolve-url-loader "3.1.1"
    rimraf "3.0.2"
    rollup "2.26.5"
    rxjs "6.6.2"
    sass "1.26.10"
    sass-loader "10.0.1"
    semver "7.3.2"
    source-map "0.7.3"
    source-map-loader "1.0.2"
    source-map-support "0.5.19"
    speed-measure-webpack-plugin "1.3.3"
    style-loader "1.2.1"
    stylus "0.54.8"
    stylus-loader "3.0.2"
    terser "5.3.0"
    terser-webpack-plugin "4.1.0"
    tree-kill "1.2.2"
    webpack "4.44.1"
    webpack-dev-middleware "3.7.2"
    webpack-dev-server "3.11.0"
    webpack-merge "4.2.2"
    webpack-sources "1.4.3"
    webpack-subresource-integrity "1.4.1"
    worker-plugin "5.0.0"

"@angular-devkit/build-optimizer@0.1001.3":
  version "0.1001.3"
  resolved "https://registry.npmjs.org/@angular-devkit/build-optimizer/-/build-optimizer-0.1001.3.tgz"
  integrity sha512-tQy4ADOVDL0hJcykpZzqfInQV6ft499E3g+D0jcZL/imSsxH4EaaBA2HCc0JTeAFjmkI32OhD9T8G/swqqBcVw==
  dependencies:
    loader-utils "2.0.0"
    source-map "0.7.3"
    tslib "2.0.1"
    typescript "4.0.2"
    webpack-sources "1.4.3"

"@angular-devkit/build-webpack@0.1001.3":
  version "0.1001.3"
  resolved "https://registry.npmjs.org/@angular-devkit/build-webpack/-/build-webpack-0.1001.3.tgz"
  integrity sha512-XpAEWRWIdh/bk2UHkP7iIjEiVwkQkAWoZPNYMJzg3iN/iAAdUDPiNBTXhFZEZjFEWT0RXl4iKW2hr5LFvpe6lw==
  dependencies:
    "@angular-devkit/architect" "0.1001.3"
    "@angular-devkit/core" "10.1.3"
    rxjs "6.6.2"

"@angular-devkit/core@10.1.3":
  version "10.1.3"
  resolved "https://registry.npmjs.org/@angular-devkit/core/-/core-10.1.3.tgz"
  integrity sha512-Ub31/eqFtSuQy3V+B74Jt0jAUw8fs8sbd0ZL2UHYUJyrwm20iIRam+mOD3Sj8HFrDGLR8m56KsxJ12KvC1oxtQ==
  dependencies:
    ajv "6.12.4"
    fast-json-stable-stringify "2.1.0"
    magic-string "0.25.7"
    rxjs "6.6.2"
    source-map "0.7.3"

"@angular-devkit/core@10.1.7":
  version "10.1.7"
  resolved "https://registry.npmjs.org/@angular-devkit/core/-/core-10.1.7.tgz"
  integrity sha512-RRyDkN2FByA+nlnRx/MzUMK1FXwj7+SsrzJcvZfWx4yA5rfKmJiJryXQEzL44GL1aoaXSuvOYu3H72wxZADN8Q==
  dependencies:
    ajv "6.12.4"
    fast-json-stable-stringify "2.1.0"
    magic-string "0.25.7"
    rxjs "6.6.2"
    source-map "0.7.3"

"@angular-devkit/schematics@10.1.7":
  version "10.1.7"
  resolved "https://registry.npmjs.org/@angular-devkit/schematics/-/schematics-10.1.7.tgz"
  integrity sha512-nk9RXA09b+7uq59HS/gyztNzUGHH/eQAUQhWHdDYSCG6v1lhJVCKx1HgDPELVxmeq9f+HArkAW7Y7c+ccdNQ7A==
  dependencies:
    "@angular-devkit/core" "10.1.7"
    ora "5.0.0"
    rxjs "6.6.2"

"@angular/animations@~10.1.0":
  version "10.1.3"
  resolved "https://registry.npmjs.org/@angular/animations/-/animations-10.1.3.tgz"
  integrity sha512-qIdxP28iF6qaoGBB3C6VvHt22nR3FMK5kh+no+jYmmy6z5cBVhwS/Vb6nkx+XRqivKBVHxWNZQ4ae6xmTg/k7A==
  dependencies:
    tslib "^2.0.0"

"@angular/cdk@^10.2.2":
  version "10.2.2"
  resolved "https://registry.npmjs.org/@angular/cdk/-/cdk-10.2.2.tgz"
  integrity sha512-DVMnj7QY1prZblRjYfDeyEH79p1TDI0JGgg2D2BAWwzMoPKCgVCqy1uRuvi+WNhYoDR3QJJJ8tXLKucUoShuIw==
  dependencies:
    tslib "^2.0.0"
  optionalDependencies:
    parse5 "^5.0.0"

"@angular/cli@~10.1.0":
  version "10.1.7"
  resolved "https://registry.npmjs.org/@angular/cli/-/cli-10.1.7.tgz"
  integrity sha512-0tbeHnPIzSV/z+KlZT7N2J1yMnwQi4xIxvbsANrLjoAxNssse84i9BDdMZYsPoV8wbzcDhFOtt5KmfTO0GIeYQ==
  dependencies:
    "@angular-devkit/architect" "0.1001.7"
    "@angular-devkit/core" "10.1.7"
    "@angular-devkit/schematics" "10.1.7"
    "@schematics/angular" "10.1.7"
    "@schematics/update" "0.1001.7"
    "@yarnpkg/lockfile" "1.1.0"
    ansi-colors "4.1.1"
    debug "4.1.1"
    ini "1.3.5"
    inquirer "7.3.3"
    npm-package-arg "8.0.1"
    npm-pick-manifest "6.1.0"
    open "7.2.0"
    pacote "9.5.12"
    read-package-tree "5.3.1"
    rimraf "3.0.2"
    semver "7.3.2"
    symbol-observable "1.2.0"
    universal-analytics "0.4.23"
    uuid "8.3.0"

"@angular/common@~10.1.0":
  version "10.1.3"
  resolved "https://registry.npmjs.org/@angular/common/-/common-10.1.3.tgz"
  integrity sha512-+9UsK+ZTCLO3MvTYlDTbjJGAZxtK9WftHWxbT3NTAJ8tisDfb+MwXB0xNw7qLOysMe3u04zShT0YXYZo5aJBrw==
  dependencies:
    tslib "^2.0.0"

"@angular/compiler-cli@~10.1.0":
  version "10.1.3"
  resolved "https://registry.npmjs.org/@angular/compiler-cli/-/compiler-cli-10.1.3.tgz"
  integrity sha512-31XZ6jv4Vjsaa0kF+gzeHMyQiMILpaaZa+j1f5IqeS+HBl1ThxLTCpAhR1TVfZ/2EZV6uAM8o8FTYrhscy9qTA==
  dependencies:
    canonical-path "1.0.0"
    chokidar "^3.0.0"
    convert-source-map "^1.5.1"
    dependency-graph "^0.7.2"
    fs-extra "4.0.2"
    magic-string "^0.25.0"
    minimist "^1.2.0"
    reflect-metadata "^0.1.2"
    semver "^6.3.0"
    source-map "^0.6.1"
    sourcemap-codec "^1.4.8"
    tslib "^2.0.0"
    yargs "15.3.0"

"@angular/compiler@9.0.0":
  version "9.0.0"
  resolved "https://registry.npmjs.org/@angular/compiler/-/compiler-9.0.0.tgz"
  integrity sha512-ctjwuntPfZZT2mNj2NDIVu51t9cvbhl/16epc5xEwyzyDt76pX9UgwvY+MbXrf/C/FWwdtmNtfP698BKI+9leQ==

"@angular/compiler@~10.1.0":
  version "10.1.3"
  resolved "https://registry.npmjs.org/@angular/compiler/-/compiler-10.1.3.tgz"
  integrity sha512-rfiXkf6BPFWHLU0rg+c5BgTdrxVJcyOQipKw3iI2W00RsU3VCFTXKYpm10DamhRrNOf8rJcboqMbdi34awy6xA==
  dependencies:
    tslib "^2.0.0"

"@angular/core@9.0.0":
  version "9.0.0"
  resolved "https://registry.npmjs.org/@angular/core/-/core-9.0.0.tgz"
  integrity sha512-6Pxgsrf0qF9iFFqmIcWmjJGkkCaCm6V5QNnxMy2KloO3SDq6QuMVRbN9RtC8Urmo25LP+eZ6ZgYqFYpdD8Hd9w==

"@angular/core@~10.1.0":
  version "10.1.3"
  resolved "https://registry.npmjs.org/@angular/core/-/core-10.1.3.tgz"
  integrity sha512-2rnNa8bSH1JoQRzUWXXvPGgxtNA6mSiIqDZs1tHdQZxJI15NbyAJhw6lglgBFahE/nOcUx+11ZhxaPJWSsbEOg==
  dependencies:
    tslib "^2.0.0"

"@angular/flex-layout@^10.0.0-beta.32":
  version "10.0.0-beta.32"
  resolved "https://registry.npmjs.org/@angular/flex-layout/-/flex-layout-10.0.0-beta.32.tgz"
  integrity sha512-JvuY4dUoy5jyCTIrFiq7n30Znakh1pD3nbg0h0hs2r3t1OiDQb0ZSI1wcumosG/vYHsuJQTuNhbfaIZzA1x8nA==
  dependencies:
    tslib "^2.0.0"

"@angular/forms@~10.1.0":
  version "10.1.3"
  resolved "https://registry.npmjs.org/@angular/forms/-/forms-10.1.3.tgz"
  integrity sha512-ntLnIZnEo+9ziajnjQPYvVR5m0gRfQBbXx5dug4EuUI5SzE2WzcTEZTnltgw4cLqOy/fOt8cXMiW0YeRBHsjKA==
  dependencies:
    tslib "^2.0.0"

"@angular/material@^10.2.2":
  version "10.2.2"
  resolved "https://registry.npmjs.org/@angular/material/-/material-10.2.2.tgz"
  integrity sha512-xRt8FsjY/MdC/dMBhitCXmOfXo4uhzLZ+kBqkKwY8gBsJ7FjhJIPbe/kRPBuzvVkVphrEfi/pMeDOge8v5ETbA==
  dependencies:
    tslib "^2.0.0"

"@angular/platform-browser-dynamic@~10.1.0":
  version "10.1.3"
  resolved "https://registry.npmjs.org/@angular/platform-browser-dynamic/-/platform-browser-dynamic-10.1.3.tgz"
  integrity sha512-JGVz0XxiZuF1FGJ2zUk1/TogIlBFgFCUgNbSyULIfE/UXcuuvvLlzF+ls26tHK06lFHRAVHFjjDpyA270UzRTQ==
  dependencies:
    tslib "^2.0.0"

"@angular/platform-browser@~10.1.0":
  version "10.1.3"
  resolved "https://registry.npmjs.org/@angular/platform-browser/-/platform-browser-10.1.3.tgz"
  integrity sha512-Y5/M9NEmQceda96a9ntmxidfgJTf23DmEvGw0SJ1TAn2X9EjlM4s7H8KNH9R/tDPK9QcuvzX9FTZsxQ9b6kCFQ==
  dependencies:
    tslib "^2.0.0"

"@angular/router@~10.1.0":
  version "10.1.3"
  resolved "https://registry.npmjs.org/@angular/router/-/router-10.1.3.tgz"
  integrity sha512-CAd6u1y+NjB8edtuC2j2OpS6xFO+s90bg4kyu7zr9i0wIQX8xI+neFzkTeoYWJ0PNfi05cCGelyQnLZPZFsyvw==
  dependencies:
    tslib "^2.0.0"

"@babel/code-frame@^7.0.0", "@babel/code-frame@^7.10.4":
  version "7.10.4"
  resolved "https://registry.npmjs.org/@babel/code-frame/-/code-frame-7.10.4.tgz"
  integrity sha512-vG6SvB6oYEhvgisZNFRmRCUkLz11c7rp+tbNTynGqc6mS1d5ATd/sGyV6W0KZZnXRKMTzZDRgQT3Ou9jhpAfUg==
  dependencies:
    "@babel/highlight" "^7.10.4"

"@babel/compat-data@^7.10.4", "@babel/compat-data@^7.11.0":
  version "7.11.0"
  resolved "https://registry.npmjs.org/@babel/compat-data/-/compat-data-7.11.0.tgz"
  integrity sha512-TPSvJfv73ng0pfnEOh17bYMPQbI95+nGWc71Ss4vZdRBHTDqmM9Z8ZV4rYz8Ks7sfzc95n30k6ODIq5UGnXcYQ==
  dependencies:
    browserslist "^4.12.0"
    invariant "^2.2.4"
    semver "^5.5.0"

"@babel/core@7.11.1", "@babel/core@^7.7.5":
  version "7.11.1"
  resolved "https://registry.npmjs.org/@babel/core/-/core-7.11.1.tgz"
  integrity sha512-XqF7F6FWQdKGGWAzGELL+aCO1p+lRY5Tj5/tbT3St1G8NaH70jhhDIKknIZaDans0OQBG5wRAldROLHSt44BgQ==
  dependencies:
    "@babel/code-frame" "^7.10.4"
    "@babel/generator" "^7.11.0"
    "@babel/helper-module-transforms" "^7.11.0"
    "@babel/helpers" "^7.10.4"
    "@babel/parser" "^7.11.1"
    "@babel/template" "^7.10.4"
    "@babel/traverse" "^7.11.0"
    "@babel/types" "^7.11.0"
    convert-source-map "^1.7.0"
    debug "^4.1.0"
    gensync "^1.0.0-beta.1"
    json5 "^2.1.2"
    lodash "^4.17.19"
    resolve "^1.3.2"
    semver "^5.4.1"
    source-map "^0.5.0"

"@babel/generator@7.11.0", "@babel/generator@^7.11.0":
  version "7.11.0"
  resolved "https://registry.npmjs.org/@babel/generator/-/generator-7.11.0.tgz"
  integrity sha512-fEm3Uzw7Mc9Xi//qU20cBKatTfs2aOtKqmvy/Vm7RkJEGFQ4xc9myCfbXxqK//ZS8MR/ciOHw6meGASJuKmDfQ==
  dependencies:
    "@babel/types" "^7.11.0"
    jsesc "^2.5.1"
    source-map "^0.5.0"

"@babel/generator@^7.11.5":
  version "7.11.6"
  resolved "https://registry.npmjs.org/@babel/generator/-/generator-7.11.6.tgz"
  integrity sha512-DWtQ1PV3r+cLbySoHrwn9RWEgKMBLLma4OBQloPRyDYvc5msJM9kvTLo1YnlJd1P/ZuKbdli3ijr5q3FvAF3uA==
  dependencies:
    "@babel/types" "^7.11.5"
    jsesc "^2.5.1"
    source-map "^0.5.0"

"@babel/helper-annotate-as-pure@^7.10.4":
  version "7.10.4"
  resolved "https://registry.npmjs.org/@babel/helper-annotate-as-pure/-/helper-annotate-as-pure-7.10.4.tgz"
  integrity sha512-XQlqKQP4vXFB7BN8fEEerrmYvHp3fK/rBkRFz9jaJbzK0B1DSfej9Kc7ZzE8Z/OnId1jpJdNAZ3BFQjWG68rcA==
  dependencies:
    "@babel/types" "^7.10.4"

"@babel/helper-builder-binary-assignment-operator-visitor@^7.10.4":
  version "7.10.4"
  resolved "https://registry.npmjs.org/@babel/helper-builder-binary-assignment-operator-visitor/-/helper-builder-binary-assignment-operator-visitor-7.10.4.tgz"
  integrity sha512-L0zGlFrGWZK4PbT8AszSfLTM5sDU1+Az/En9VrdT8/LmEiJt4zXt+Jve9DCAnQcbqDhCI+29y/L93mrDzddCcg==
  dependencies:
    "@babel/helper-explode-assignable-expression" "^7.10.4"
    "@babel/types" "^7.10.4"

"@babel/helper-compilation-targets@^7.10.4":
  version "7.10.4"
  resolved "https://registry.npmjs.org/@babel/helper-compilation-targets/-/helper-compilation-targets-7.10.4.tgz"
  integrity sha512-a3rYhlsGV0UHNDvrtOXBg8/OpfV0OKTkxKPzIplS1zpx7CygDcWWxckxZeDd3gzPzC4kUT0A4nVFDK0wGMh4MQ==
  dependencies:
    "@babel/compat-data" "^7.10.4"
    browserslist "^4.12.0"
    invariant "^2.2.4"
    levenary "^1.1.1"
    semver "^5.5.0"

"@babel/helper-create-class-features-plugin@^7.10.4":
  version "7.10.5"
  resolved "https://registry.npmjs.org/@babel/helper-create-class-features-plugin/-/helper-create-class-features-plugin-7.10.5.tgz"
  integrity sha512-0nkdeijB7VlZoLT3r/mY3bUkw3T8WG/hNw+FATs/6+pG2039IJWjTYL0VTISqsNHMUTEnwbVnc89WIJX9Qed0A==
  dependencies:
    "@babel/helper-function-name" "^7.10.4"
    "@babel/helper-member-expression-to-functions" "^7.10.5"
    "@babel/helper-optimise-call-expression" "^7.10.4"
    "@babel/helper-plugin-utils" "^7.10.4"
    "@babel/helper-replace-supers" "^7.10.4"
    "@babel/helper-split-export-declaration" "^7.10.4"

"@babel/helper-create-regexp-features-plugin@^7.10.4":